
Microsoft Visual Studio Solution File, Format Version 12.00
# Visual Studio 15
VisualStudioVersion = 15.0.28307.757
MinimumVisualStudioVersion = 10.0.40219.1
Project("{FAE04EC0-301F-11D3-BF4B-00C04F79EFBC}") = "MyProject", "MyProject\MyProject.csproj", "{BEFDC1F1-C24E-42F1-A932-350EC80C3977}"
EndProject
Global
	GlobalSection(SolutionConfigurationPlatforms) = preSolution
		Debug|Any CPU = Debug|Any CPU
		Release|Any CPU = Release|Any CPU
	EndGlobalSection
	GlobalSection(ProjectConfigurationPlatforms) = postSolution
		{BEFDC1F1-C24E-42F1-A932-350EC80C3977}.Debug|Any CPU.ActiveCfg = Debug|Any CPU
		{BEFDC1F1-C24E-42F1-A932-350EC80C3977}.Debug|Any CPU.Build.0 = Debug|Any CPU
		{BEFDC1F1-C24E-42F1-A932-350EC80C3977}.Release|Any CPU.ActiveCfg = Release|Any CPU
		{BEFDC1F1-C24E-42F1-A932-350EC80C3977}.Release|Any CPU.Build.0 = Release|Any CPU
	EndGlobalSection
	GlobalSection(SolutionProperties) = preSolution
		HideSolutionNode = FALSE
	EndGlobalSection
	GlobalSection(ExtensibilityGlobals) = postSolution
		SolutionGuid = {4B4AA00A-F6DD-4DA4-854E-504A5E7F6F62}
	EndGlobalSection
EndGlobal
